
Microsoft Visual Studio Solution File, Format Version 12.00
# Visual Studio Version 17
VisualStudioVersion = 17.7.34031.279
MinimumVisualStudioVersion = 10.0.40219.1
Project("{FAE04EC0-301F-11D3-BF4B-00C04F79EFBC}") = "UltimatePhotoEditor", "UltimatePhotoEditor\UltimatePhotoEditor.csproj", "{7F228E53-199D-46E0-AA38-A880588E8B69}"
EndProject
Global
	GlobalSection(SolutionConfigurationPlatforms) = preSolution
		Debug|Any CPU = Debug|Any CPU
		Release|Any CPU = Release|Any CPU
	EndGlobalSection
	GlobalSection(ProjectConfigurationPlatforms) = postSolution
		{7F228E53-199D-46E0-AA38-A880588E8B69}.Debug|Any CPU.ActiveCfg = Debug|Any CPU
		{7F228E53-199D-46E0-AA38-A880588E8B69}.Debug|Any CPU.Build.0 = Debug|Any CPU
		{7F228E53-199D-46E0-AA38-A880588E8B69}.Release|Any CPU.ActiveCfg = Release|Any CPU
		{7F228E53-199D-46E0-AA38-A880588E8B69}.Release|Any CPU.Build.0 = Release|Any CPU
	EndGlobalSection
	GlobalSection(SolutionProperties) = preSolution
		HideSolutionNode = FALSE
	EndGlobalSection
	GlobalSection(ExtensibilityGlobals) = postSolution
		SolutionGuid = {DDC78CC6-57E4-4C70-92B9-5925FEB6A215}
	EndGlobalSection
EndGlobal
